
Microsoft Visual Studio Solution File, Format Version 12.00
# Visual Studio Version 17
VisualStudioVersion = 17.7.34031.279
MinimumVisualStudioVersion = 10.0.40219.1
Project("{FAE04EC0-301F-11D3-BF4B-00C04F79EFBC}") = "TorontoBeerDirectory", "TorontoBeerDirectory\TorontoBeerDirectory.csproj", "{DD16CB42-5C6C-41DB-9766-20D9AC5248A0}"
EndProject
Global
	GlobalSection(SolutionConfigurationPlatforms) = preSolution
		Debug|Any CPU = Debug|Any CPU
		Release|Any CPU = Release|Any CPU
	EndGlobalSection
	GlobalSection(ProjectConfigurationPlatforms) = postSolution
		{DD16CB42-5C6C-41DB-9766-20D9AC5248A0}.Debug|Any CPU.ActiveCfg = Debug|Any CPU
		{DD16CB42-5C6C-41DB-9766-20D9AC5248A0}.Debug|Any CPU.Build.0 = Debug|Any CPU
		{DD16CB42-5C6C-41DB-9766-20D9AC5248A0}.Release|Any CPU.ActiveCfg = Release|Any CPU
		{DD16CB42-5C6C-41DB-9766-20D9AC5248A0}.Release|Any CPU.Build.0 = Release|Any CPU
	EndGlobalSection
	GlobalSection(SolutionProperties) = preSolution
		HideSolutionNode = FALSE
	EndGlobalSection
	GlobalSection(ExtensibilityGlobals) = postSolution
		SolutionGuid = {8126B032-0E39-4FFC-BA48-D0076DB9CF90}
	EndGlobalSection
EndGlobal
